// !$*UTF8*$!
{
	archiveVersion = 1;
	classes = {
	};
	objectVersion = 55;
	objects = {

/* Begin PBXBuildFile section */
		09AE36FC27E8665700A8BF12 /* Core.docc in Sources */ = {isa = PBXBuildFile; fileRef = 09AE36FB27E8665700A8BF12 /* Core.docc */; };
		09AE36FD27E8665700A8BF12 /* Core.h in Headers */ = {isa = PBXBuildFile; fileRef = 09AE36FA27E8665700A8BF12 /* Core.h */; settings = {ATTRIBUTES = (Public, ); }; };
		09AE374D27E8A23900A8BF12 /* DBError.swift in Sources */ = {isa = PBXBuildFile; fileRef = 09AE374C27E8A23900A8BF12 /* DBError.swift */; };
		09AE375027E8A24200A8BF12 /* NetworkManager.swift in Sources */ = {isa = PBXBuildFile; fileRef = 09AE374F27E8A24200A8BF12 /* NetworkManager.swift */; };
		09AE375C27E8A24900A8BF12 /* TvSeriesDataSource.swift in Sources */ = {isa = PBXBuildFile; fileRef = 09AE375427E8A24900A8BF12 /* TvSeriesDataSource.swift */; };
		09AE375D27E8A24900A8BF12 /* TvSeriesDataSourceInterface.swift in Sources */ = {isa = PBXBuildFile; fileRef = 09AE375527E8A24900A8BF12 /* TvSeriesDataSourceInterface.swift */; };
		09AE375E27E8A24900A8BF12 /* MoviesRemoteDataSource.swift in Sources */ = {isa = PBXBuildFile; fileRef = 09AE375827E8A24900A8BF12 /* MoviesRemoteDataSource.swift */; };
		09AE376027E8A24900A8BF12 /* MovieResponse.swift in Sources */ = {isa = PBXBuildFile; fileRef = 09AE375B27E8A24900A8BF12 /* MovieResponse.swift */; };
		09AE376227E8A7D600A8BF12 /* Extension + URLSession.swift in Sources */ = {isa = PBXBuildFile; fileRef = 09AE376127E8A7D600A8BF12 /* Extension + URLSession.swift */; };
		09B6571A281C43A900D54A6C /* ErrorHandler.swift in Sources */ = {isa = PBXBuildFile; fileRef = 09B65719281C43A900D54A6C /* ErrorHandler.swift */; };
		09B6572E2820ED7F00D54A6C /* MovieEntity.swift in Sources */ = {isa = PBXBuildFile; fileRef = 09B6572D2820ED7F00D54A6C /* MovieEntity.swift */; };
		09B657392820F26700D54A6C /* MoviesDataRepositoryInterface.swift in Sources */ = {isa = PBXBuildFile; fileRef = 09B657382820F26700D54A6C /* MoviesDataRepositoryInterface.swift */; };
		09B6573B2820F2D100D54A6C /* MoviesLocalDataSource.swift in Sources */ = {isa = PBXBuildFile; fileRef = 09B6573A2820F2D100D54A6C /* MoviesLocalDataSource.swift */; };
		09B65764282138F000D54A6C /* MoviesDB.xcdatamodeld in Sources */ = {isa = PBXBuildFile; fileRef = 09B65762282138F000D54A6C /* MoviesDB.xcdatamodeld */; };
		09B657672821395800D54A6C /* CoreDataManager.swift in Sources */ = {isa = PBXBuildFile; fileRef = 09B657662821395800D54A6C /* CoreDataManager.swift */; };
		09B6576A28213F5600D54A6C /* FavoriteMovieEntity+CoreDataClass.swift in Sources */ = {isa = PBXBuildFile; fileRef = 09B6576828213F5600D54A6C /* FavoriteMovieEntity+CoreDataClass.swift */; };
		09B6576B28213F5600D54A6C /* FavoriteMovieEntity+CoreDataProperties.swift in Sources */ = {isa = PBXBuildFile; fileRef = 09B6576928213F5600D54A6C /* FavoriteMovieEntity+CoreDataProperties.swift */; };
		09DA6AF9282BE2C10025DBD4 /* MovieCastResponse.swift in Sources */ = {isa = PBXBuildFile; fileRef = 09DA6AF8282BE2C10025DBD4 /* MovieCastResponse.swift */; };
		09DA6AFB282BE3970025DBD4 /* ActorEntity.swift in Sources */ = {isa = PBXBuildFile; fileRef = 09DA6AFA282BE3970025DBD4 /* ActorEntity.swift */; };
		1AE74E4FB942C6DC1A2D9D12 /* Pods_Core.framework in Frameworks */ = {isa = PBXBuildFile; fileRef = ECD0BCDE92C3D89333075566 /* Pods_Core.framework */; };
/* End PBXBuildFile section */

/* Begin PBXFileReference section */
		09AE36F727E8665700A8BF12 /* Core.framework */ = {isa = PBXFileReference; explicitFileType = wrapper.framework; includeInIndex = 0; path = Core.framework; sourceTree = BUILT_PRODUCTS_DIR; };
		09AE36FA27E8665700A8BF12 /* Core.h */ = {isa = PBXFileReference; lastKnownFileType = sourcecode.c.h; path = Core.h; sourceTree = "<group>"; };
		09AE36FB27E8665700A8BF12 /* Core.docc */ = {isa = PBXFileReference; lastKnownFileType = folder.documentationcatalog; path = Core.docc; sourceTree = "<group>"; };
		09AE374C27E8A23900A8BF12 /* DBError.swift */ = {isa = PBXFileReference; fileEncoding = 4; lastKnownFileType = sourcecode.swift; path = DBError.swift; sourceTree = "<group>"; };
		09AE374F27E8A24200A8BF12 /* NetworkManager.swift */ = {isa = PBXFileReference; fileEncoding = 4; lastKnownFileType = sourcecode.swift; path = NetworkManager.swift; sourceTree = "<group>"; };
		09AE375427E8A24900A8BF12 /* TvSeriesDataSource.swift */ = {isa = PBXFileReference; fileEncoding = 4; lastKnownFileType = sourcecode.swift; path = TvSeriesDataSource.swift; sourceTree = "<group>"; };
		09AE375527E8A24900A8BF12 /* TvSeriesDataSourceInterface.swift */ = {isa = PBXFileReference; fileEncoding = 4; lastKnownFileType = sourcecode.swift; path = TvSeriesDataSourceInterface.swift; sourceTree = "<group>"; };
		09AE375827E8A24900A8BF12 /* MoviesRemoteDataSource.swift */ = {isa = PBXFileReference; fileEncoding = 4; lastKnownFileType = sourcecode.swift; path = MoviesRemoteDataSource.swift; sourceTree = "<group>"; };
		09AE375B27E8A24900A8BF12 /* MovieResponse.swift */ = {isa = PBXFileReference; fileEncoding = 4; lastKnownFileType = sourcecode.swift; path = MovieResponse.swift; sourceTree = "<group>"; };
		09AE376127E8A7D600A8BF12 /* Extension + URLSession.swift */ = {isa = PBXFileReference; lastKnownFileType = sourcecode.swift; path = "Extension + URLSession.swift"; sourceTree = "<group>"; };
		09B65719281C43A900D54A6C /* ErrorHandler.swift */ = {isa = PBXFileReference; lastKnownFileType = sourcecode.swift; path = ErrorHandler.swift; sourceTree = "<group>"; };
		09B6572D2820ED7F00D54A6C /* MovieEntity.swift */ = {isa = PBXFileReference; lastKnownFileType = sourcecode.swift; path = MovieEntity.swift; sourceTree = "<group>"; };
		09B657382820F26700D54A6C /* MoviesDataRepositoryInterface.swift */ = {isa = PBXFileReference; lastKnownFileType = sourcecode.swift; path = MoviesDataRepositoryInterface.swift; sourceTree = "<group>"; };
		09B6573A2820F2D100D54A6C /* MoviesLocalDataSource.swift */ = {isa = PBXFileReference; lastKnownFileType = sourcecode.swift; path = MoviesLocalDataSource.swift; sourceTree = "<group>"; };
		09B65763282138F000D54A6C /* MoviesDB.xcdatamodel */ = {isa = PBXFileReference; lastKnownFileType = wrapper.xcdatamodel; path = MoviesDB.xcdatamodel; sourceTree = "<group>"; };
		09B657662821395800D54A6C /* CoreDataManager.swift */ = {isa = PBXFileReference; lastKnownFileType = sourcecode.swift; path = CoreDataManager.swift; sourceTree = "<group>"; };
		09B6576828213F5600D54A6C /* FavoriteMovieEntity+CoreDataClass.swift */ = {isa = PBXFileReference; lastKnownFileType = sourcecode.swift; path = "FavoriteMovieEntity+CoreDataClass.swift"; sourceTree = "<group>"; };
		09B6576928213F5600D54A6C /* FavoriteMovieEntity+CoreDataProperties.swift */ = {isa = PBXFileReference; lastKnownFileType = sourcecode.swift; path = "FavoriteMovieEntity+CoreDataProperties.swift"; sourceTree = "<group>"; };
		09DA6AF8282BE2C10025DBD4 /* MovieCastResponse.swift */ = {isa = PBXFileReference; lastKnownFileType = sourcecode.swift; path = MovieCastResponse.swift; sourceTree = "<group>"; };
		09DA6AFA282BE3970025DBD4 /* ActorEntity.swift */ = {isa = PBXFileReference; lastKnownFileType = sourcecode.swift; path = ActorEntity.swift; sourceTree = "<group>"; };
		9CA0310BFF7AABAF8EB8E4E1 /* Pods-Core.release.xcconfig */ = {isa = PBXFileReference; includeInIndex = 1; lastKnownFileType = text.xcconfig; name = "Pods-Core.release.xcconfig"; path = "Target Support Files/Pods-Core/Pods-Core.release.xcconfig"; sourceTree = "<group>"; };
		C0D3588767E9CC8CCA265985 /* Pods-Core.debug.xcconfig */ = {isa = PBXFileReference; includeInIndex = 1; lastKnownFileType = text.xcconfig; name = "Pods-Core.debug.xcconfig"; path = "Target Support Files/Pods-Core/Pods-Core.debug.xcconfig"; sourceTree = "<group>"; };
		ECD0BCDE92C3D89333075566 /* Pods_Core.framework */ = {isa = PBXFileReference; explicitFileType = wrapper.framework; includeInIndex = 0; path = Pods_Core.framework; sourceTree = BUILT_PRODUCTS_DIR; };
/* End PBXFileReference section */

/* Begin PBXFrameworksBuildPhase section */
		09AE36F427E8665700A8BF12 /* Frameworks */ = {
			isa = PBXFrameworksBuildPhase;
			buildActionMask = 2147483647;
			files = (
				1AE74E4FB942C6DC1A2D9D12 /* Pods_Core.framework in Frameworks */,
			);
			runOnlyForDeploymentPostprocessing = 0;
		};
/* End PBXFrameworksBuildPhase section */

/* Begin PBXGroup section */
		09AE36ED27E8665700A8BF12 = {
			isa = PBXGroup;
			children = (
				09B657652821393F00D54A6C /* Core Data */,
				09AE36F927E8665700A8BF12 /* Core */,
				09AE36F827E8665700A8BF12 /* Products */,
				E956420D0BB3A1B023194BAD /* Pods */,
				0FF568E3161BC68A9F66A1BB /* Frameworks */,
			);
			sourceTree = "<group>";
		};
		09AE36F827E8665700A8BF12 /* Products */ = {
			isa = PBXGroup;
			children = (
				09AE36F727E8665700A8BF12 /* Core.framework */,
			);
			name = Products;
			sourceTree = "<group>";
		};
		09AE36F927E8665700A8BF12 /* Core */ = {
			isa = PBXGroup;
			children = (
				09B65716281C436100D54A6C /* ErrorHandling */,
				09AE374B27E8A23900A8BF12 /* Custom */,
				09AE374E27E8A24200A8BF12 /* Networking */,
				09AE375127E8A24900A8BF12 /* Modules */,
				09AE36FA27E8665700A8BF12 /* Core.h */,
				09AE36FB27E8665700A8BF12 /* Core.docc */,
			);
			path = Core;
			sourceTree = "<group>";
		};
		09AE374B27E8A23900A8BF12 /* Custom */ = {
			isa = PBXGroup;
			children = (
				09AE376127E8A7D600A8BF12 /* Extension + URLSession.swift */,
			);
			path = Custom;
			sourceTree = "<group>";
		};
		09AE374E27E8A24200A8BF12 /* Networking */ = {
			isa = PBXGroup;
			children = (
				09AE374F27E8A24200A8BF12 /* NetworkManager.swift */,
			);
			path = Networking;
			sourceTree = "<group>";
		};
		09AE375127E8A24900A8BF12 /* Modules */ = {
			isa = PBXGroup;
			children = (
				09AE375227E8A24900A8BF12 /* TvSeries */,
				09AE375627E8A24900A8BF12 /* Movies */,
			);
			path = Modules;
			sourceTree = "<group>";
		};
		09AE375227E8A24900A8BF12 /* TvSeries */ = {
			isa = PBXGroup;
			children = (
				09AE375327E8A24900A8BF12 /* DataSource */,
				09AE375527E8A24900A8BF12 /* TvSeriesDataSourceInterface.swift */,
			);
			path = TvSeries;
			sourceTree = "<group>";
		};
		09AE375327E8A24900A8BF12 /* DataSource */ = {
			isa = PBXGroup;
			children = (
				09AE375427E8A24900A8BF12 /* TvSeriesDataSource.swift */,
			);
			path = DataSource;
			sourceTree = "<group>";
		};
		09AE375627E8A24900A8BF12 /* Movies */ = {
			isa = PBXGroup;
			children = (
				09B6572C2820ED4F00D54A6C /* Entity */,
				09AE375A27E8A24900A8BF12 /* Model */,
				09AE375727E8A24900A8BF12 /* DataSource */,
				09B657382820F26700D54A6C /* MoviesDataRepositoryInterface.swift */,
			);
			path = Movies;
			sourceTree = "<group>";
		};
		09AE375727E8A24900A8BF12 /* DataSource */ = {
			isa = PBXGroup;
			children = (
				09AE375827E8A24900A8BF12 /* MoviesRemoteDataSource.swift */,
				09B6573A2820F2D100D54A6C /* MoviesLocalDataSource.swift */,
			);
			path = DataSource;
			sourceTree = "<group>";
		};
		09AE375A27E8A24900A8BF12 /* Model */ = {
			isa = PBXGroup;
			children = (
				09AE375B27E8A24900A8BF12 /* MovieResponse.swift */,
				09DA6AF8282BE2C10025DBD4 /* MovieCastResponse.swift */,
			);
			path = Model;
			sourceTree = "<group>";
		};
		09B65716281C436100D54A6C /* ErrorHandling */ = {
			isa = PBXGroup;
			children = (
				09AE374C27E8A23900A8BF12 /* DBError.swift */,
				09B65719281C43A900D54A6C /* ErrorHandler.swift */,
			);
			path = ErrorHandling;
			sourceTree = "<group>";
		};
		09B6572C2820ED4F00D54A6C /* Entity */ = {
			isa = PBXGroup;
			children = (
				09B6572D2820ED7F00D54A6C /* MovieEntity.swift */,
				09DA6AFA282BE3970025DBD4 /* ActorEntity.swift */,
			);
			path = Entity;
			sourceTree = "<group>";
		};
		09B657652821393F00D54A6C /* Core Data */ = {
			isa = PBXGroup;
			children = (
				09B6576C28213F6E00D54A6C /* Favorite Movie Entity */,
				09B65762282138F000D54A6C /* MoviesDB.xcdatamodeld */,
				09B657662821395800D54A6C /* CoreDataManager.swift */,
			);
			path = "Core Data";
			sourceTree = "<group>";
		};
		09B6576C28213F6E00D54A6C /* Favorite Movie Entity */ = {
			isa = PBXGroup;
			children = (
				09B6576828213F5600D54A6C /* FavoriteMovieEntity+CoreDataClass.swift */,
				09B6576928213F5600D54A6C /* FavoriteMovieEntity+CoreDataProperties.swift */,
			);
			path = "Favorite Movie Entity";
			sourceTree = "<group>";
		};
		0FF568E3161BC68A9F66A1BB /* Frameworks */ = {
			isa = PBXGroup;
			children = (
				ECD0BCDE92C3D89333075566 /* Pods_Core.framework */,
			);
			name = Frameworks;
			sourceTree = "<group>";
		};
		E956420D0BB3A1B023194BAD /* Pods */ = {
			isa = PBXGroup;
			children = (
				C0D3588767E9CC8CCA265985 /* Pods-Core.debug.xcconfig */,
				9CA0310BFF7AABAF8EB8E4E1 /* Pods-Core.release.xcconfig */,
			);
			name = Pods;
			path = ../Pods;
			sourceTree = "<group>";
		};
/* End PBXGroup section */

/* Begin PBXHeadersBuildPhase section */
		09AE36F227E8665700A8BF12 /* Headers */ = {
			isa = PBXHeadersBuildPhase;
			buildActionMask = 2147483647;
			files = (
				09AE36FD27E8665700A8BF12 /* Core.h in Headers */,
			);
			runOnlyForDeploymentPostprocessing = 0;
		};
/* End PBXHeadersBuildPhase section */

/* Begin PBXNativeTarget section */
		09AE36F627E8665700A8BF12 /* Core */ = {
			isa = PBXNativeTarget;
			buildConfigurationList = 09AE370027E8665700A8BF12 /* Build configuration list for PBXNativeTarget "Core" */;
			buildPhases = (
				2E72B1FC0250BD2C5D222C2D /* [CP] Check Pods Manifest.lock */,
				09AE36F227E8665700A8BF12 /* Headers */,
				09AE36F327E8665700A8BF12 /* Sources */,
				09AE36F427E8665700A8BF12 /* Frameworks */,
				09AE36F527E8665700A8BF12 /* Resources */,
			);
			buildRules = (
			);
			dependencies = (
			);
			name = Core;
			productName = Core;
			productReference = 09AE36F727E8665700A8BF12 /* Core.framework */;
			productType = "com.apple.product-type.framework";
		};
/* End PBXNativeTarget section */

/* Begin PBXProject section */
		09AE36EE27E8665700A8BF12 /* Project object */ = {
			isa = PBXProject;
			attributes = {
				BuildIndependentTargetsInParallel = 1;
				LastUpgradeCheck = 1330;
				TargetAttributes = {
					09AE36F627E8665700A8BF12 = {
						CreatedOnToolsVersion = 13.3;
					};
				};
			};
			buildConfigurationList = 09AE36F127E8665700A8BF12 /* Build configuration list for PBXProject "Core" */;
			compatibilityVersion = "Xcode 13.0";
			developmentRegion = en;
			hasScannedForEncodings = 0;
			knownRegions = (
				en,
				Base,
			);
			mainGroup = 09AE36ED27E8665700A8BF12;
			productRefGroup = 09AE36F827E8665700A8BF12 /* Products */;
			projectDirPath = "";
			projectRoot = "";
			targets = (
				09AE36F627E8665700A8BF12 /* Core */,
			);
		};
/* End PBXProject section */

/* Begin PBXResourcesBuildPhase section */
		09AE36F527E8665700A8BF12 /* Resources */ = {
			isa = PBXResourcesBuildPhase;
			buildActionMask = 2147483647;
			files = (
			);
			runOnlyForDeploymentPostprocessing = 0;
		};
/* End PBXResourcesBuildPhase section */

/* Begin PBXShellScriptBuildPhase section */
		2E72B1FC0250BD2C5D222C2D /* [CP] Check Pods Manifest.lock */ = {
			isa = PBXShellScriptBuildPhase;
			buildActionMask = 2147483647;
			files = (
			);
			inputFileListPaths = (
			);
			inputPaths = (
				"${PODS_PODFILE_DIR_PATH}/Podfile.lock",
				"${PODS_ROOT}/Manifest.lock",
			);
			name = "[CP] Check Pods Manifest.lock";
			outputFileListPaths = (
			);
			outputPaths = (
				"$(DERIVED_FILE_DIR)/Pods-Core-checkManifestLockResult.txt",
			);
			runOnlyForDeploymentPostprocessing = 0;
			shellPath = /bin/sh;
			shellScript = "diff \"${PODS_PODFILE_DIR_PATH}/Podfile.lock\" \"${PODS_ROOT}/Manifest.lock\" > /dev/null\nif [ $? != 0 ] ; then\n    # print error to STDERR\n    echo \"error: The sandbox is not in sync with the Podfile.lock. Run 'pod install' or update your CocoaPods installation.\" >&2\n    exit 1\nfi\n# This output is used by Xcode 'outputs' to avoid re-running this script phase.\necho \"SUCCESS\" > \"${SCRIPT_OUTPUT_FILE_0}\"\n";
			showEnvVarsInLog = 0;
		};
/* End PBXShellScriptBuildPhase section */

/* Begin PBXSourcesBuildPhase section */
		09AE36F327E8665700A8BF12 /* Sources */ = {
			isa = PBXSourcesBuildPhase;
			buildActionMask = 2147483647;
			files = (
				09AE375027E8A24200A8BF12 /* NetworkManager.swift in Sources */,
				09B657672821395800D54A6C /* CoreDataManager.swift in Sources */,
				09DA6AF9282BE2C10025DBD4 /* MovieCastResponse.swift in Sources */,
				09AE375E27E8A24900A8BF12 /* MoviesRemoteDataSource.swift in Sources */,
				09B6576A28213F5600D54A6C /* FavoriteMovieEntity+CoreDataClass.swift in Sources */,
				09AE375D27E8A24900A8BF12 /* TvSeriesDataSourceInterface.swift in Sources */,
				09AE376227E8A7D600A8BF12 /* Extension + URLSession.swift in Sources */,
				09B657392820F26700D54A6C /* MoviesDataRepositoryInterface.swift in Sources */,
				09DA6AFB282BE3970025DBD4 /* ActorEntity.swift in Sources */,
				09AE374D27E8A23900A8BF12 /* DBError.swift in Sources */,
				09B6572E2820ED7F00D54A6C /* MovieEntity.swift in Sources */,
				09B6573B2820F2D100D54A6C /* MoviesLocalDataSource.swift in Sources */,
				09AE36FC27E8665700A8BF12 /* Core.docc in Sources */,
				09AE376027E8A24900A8BF12 /* MovieResponse.swift in Sources */,
				09B65764282138F000D54A6C /* MoviesDB.xcdatamodeld in Sources */,
				09B6571A281C43A900D54A6C /* ErrorHandler.swift in Sources */,
				09AE375C27E8A24900A8BF12 /* TvSeriesDataSource.swift in Sources */,
				09B6576B28213F5600D54A6C /* FavoriteMovieEntity+CoreDataProperties.swift in Sources */,
			);
			runOnlyForDeploymentPostprocessing = 0;
		};
/* End PBXSourcesBuildPhase section */

/* Begin XCBuildConfiguration section */
		09AE36FE27E8665700A8BF12 /* Debug */ = {
			isa = XCBuildConfiguration;
			buildSettings = {
				ALWAYS_SEARCH_USER_PATHS = NO;
				CLANG_ANALYZER_NONNULL = YES;
				CLANG_ANALYZER_NUMBER_OBJECT_CONVERSION = YES_AGGRESSIVE;
				CLANG_CXX_LANGUAGE_STANDARD = "gnu++17";
				CLANG_ENABLE_MODULES = YES;
				CLANG_ENABLE_OBJC_ARC = YES;
				CLANG_ENABLE_OBJC_WEAK = YES;
				CLANG_WARN_BLOCK_CAPTURE_AUTORELEASING = YES;
				CLANG_WARN_BOOL_CONVERSION = YES;
				CLANG_WARN_COMMA = YES;
				CLANG_WARN_CONSTANT_CONVERSION = YES;
				CLANG_WARN_DEPRECATED_OBJC_IMPLEMENTATIONS = YES;
				CLANG_WARN_DIRECT_OBJC_ISA_USAGE = YES_ERROR;
				CLANG_WARN_DOCUMENTATION_COMMENTS = YES;
				CLANG_WARN_EMPTY_BODY = YES;
				CLANG_WARN_ENUM_CONVERSION = YES;
				CLANG_WARN_INFINITE_RECURSION = YES;
				CLANG_WARN_INT_CONVERSION = YES;
				CLANG_WARN_NON_LITERAL_NULL_CONVERSION = YES;
				CLANG_WARN_OBJC_IMPLICIT_RETAIN_SELF = YES;
				CLANG_WARN_OBJC_LITERAL_CONVERSION = YES;
				CLANG_WARN_OBJC_ROOT_CLASS = YES_ERROR;
				CLANG_WARN_QUOTED_INCLUDE_IN_FRAMEWORK_HEADER = YES;
				CLANG_WARN_RANGE_LOOP_ANALYSIS = YES;
				CLANG_WARN_STRICT_PROTOTYPES = YES;
				CLANG_WARN_SUSPICIOUS_MOVE = YES;
				CLANG_WARN_UNGUARDED_AVAILABILITY = YES_AGGRESSIVE;
				CLANG_WARN_UNREACHABLE_CODE = YES;
				CLANG_WARN__DUPLICATE_METHOD_MATCH = YES;
				COPY_PHASE_STRIP = NO;
				CURRENT_PROJECT_VERSION = 1;
				DEBUG_INFORMATION_FORMAT = dwarf;
				ENABLE_STRICT_OBJC_MSGSEND = YES;
				ENABLE_TESTABILITY = YES;
				GCC_C_LANGUAGE_STANDARD = gnu11;
				GCC_DYNAMIC_NO_PIC = NO;
				GCC_NO_COMMON_BLOCKS = YES;
				GCC_OPTIMIZATION_LEVEL = 0;
				GCC_PREPROCESSOR_DEFINITIONS = (
					"DEBUG=1",
					"$(inherited)",
				);
				GCC_WARN_64_TO_32_BIT_CONVERSION = YES;
				GCC_WARN_ABOUT_RETURN_TYPE = YES_ERROR;
				GCC_WARN_UNDECLARED_SELECTOR = YES;
				GCC_WARN_UNINITIALIZED_AUTOS = YES_AGGRESSIVE;
				GCC_WARN_UNUSED_FUNCTION = YES;
				GCC_WARN_UNUSED_VARIABLE = YES;
				IPHONEOS_DEPLOYMENT_TARGET = 13.0;
				MTL_ENABLE_DEBUG_INFO = INCLUDE_SOURCE;
				MTL_FAST_MATH = YES;
				ONLY_ACTIVE_ARCH = YES;
				SDKROOT = iphoneos;
				SWIFT_ACTIVE_COMPILATION_CONDITIONS = DEBUG;
				SWIFT_OPTIMIZATION_LEVEL = "-Onone";
				VERSIONING_SYSTEM = "apple-generic";
				VERSION_INFO_PREFIX = "";
			};
			name = Debug;
		};
		09AE36FF27E8665700A8BF12 /* Release */ = {
			isa = XCBuildConfiguration;
			buildSettings = {
				ALWAYS_SEARCH_USER_PATHS = NO;
				CLANG_ANALYZER_NONNULL = YES;
				CLANG_ANALYZER_NUMBER_OBJECT_CONVERSION = YES_AGGRESSIVE;
				CLANG_CXX_LANGUAGE_STANDARD = "gnu++17";
				CLANG_ENABLE_MODULES = YES;
				CLANG_ENABLE_OBJC_ARC = YES;
				CLANG_ENABLE_OBJC_WEAK = YES;
				CLANG_WARN_BLOCK_CAPTURE_AUTORELEASING = YES;
				CLANG_WARN_BOOL_CONVERSION = YES;
				CLANG_WARN_COMMA = YES;
				CLANG_WARN_CONSTANT_CONVERSION = YES;
				CLANG_WARN_DEPRECATED_OBJC_IMPLEMENTATIONS = YES;
				CLANG_WARN_DIRECT_OBJC_ISA_USAGE = YES_ERROR;
				CLANG_WARN_DOCUMENTATION_COMMENTS = YES;
				CLANG_WARN_EMPTY_BODY = YES;
				CLANG_WARN_ENUM_CONVERSION = YES;
				CLANG_WARN_INFINITE_RECURSION = YES;
				CLANG_WARN_INT_CONVERSION = YES;
				CLANG_WARN_NON_LITERAL_NULL_CONVERSION = YES;
				CLANG_WARN_OBJC_IMPLICIT_RETAIN_SELF = YES;
				CLANG_WARN_OBJC_LITERAL_CONVERSION = YES;
				CLANG_WARN_OBJC_ROOT_CLASS = YES_ERROR;
				CLANG_WARN_QUOTED_INCLUDE_IN_FRAMEWORK_HEADER = YES;
				CLANG_WARN_RANGE_LOOP_ANALYSIS = YES;
				CLANG_WARN_STRICT_PROTOTYPES = YES;
				CLANG_WARN_SUSPICIOUS_MOVE = YES;
				CLANG_WARN_UNGUARDED_AVAILABILITY = YES_AGGRESSIVE;
				CLANG_WARN_UNREACHABLE_CODE = YES;
				CLANG_WARN__DUPLICATE_METHOD_MATCH = YES;
				COPY_PHASE_STRIP = NO;
				CURRENT_PROJECT_VERSION = 1;
				DEBUG_INFORMATION_FORMAT = "dwarf-with-dsym";
				ENABLE_NS_ASSERTIONS = NO;
				ENABLE_STRICT_OBJC_MSGSEND = YES;
				GCC_C_LANGUAGE_STANDARD = gnu11;
				GCC_NO_COMMON_BLOCKS = YES;
				GCC_WARN_64_TO_32_BIT_CONVERSION = YES;
				GCC_WARN_ABOUT_RETURN_TYPE = YES_ERROR;
				GCC_WARN_UNDECLARED_SELECTOR = YES;
				GCC_WARN_UNINITIALIZED_AUTOS = YES_AGGRESSIVE;
				GCC_WARN_UNUSED_FUNCTION = YES;
				GCC_WARN_UNUSED_VARIABLE = YES;
				IPHONEOS_DEPLOYMENT_TARGET = 13.0;
				MTL_ENABLE_DEBUG_INFO = NO;
				MTL_FAST_MATH = YES;
				SDKROOT = iphoneos;
				SWIFT_COMPILATION_MODE = wholemodule;
				SWIFT_OPTIMIZATION_LEVEL = "-O";
				VALIDATE_PRODUCT = YES;
				VERSIONING_SYSTEM = "apple-generic";
				VERSION_INFO_PREFIX = "";
			};
			name = Release;
		};
		09AE370127E8665700A8BF12 /* Debug */ = {
			isa = XCBuildConfiguration;
			baseConfigurationReference = C0D3588767E9CC8CCA265985 /* Pods-Core.debug.xcconfig */;
			buildSettings = {
				CODE_SIGN_STYLE = Automatic;
				CURRENT_PROJECT_VERSION = 1;
				DEFINES_MODULE = YES;
				DEVELOPMENT_TEAM = XZ3GM4S56F;
				DYLIB_COMPATIBILITY_VERSION = 1;
				DYLIB_CURRENT_VERSION = 1;
				DYLIB_INSTALL_NAME_BASE = "@rpath";
				GENERATE_INFOPLIST_FILE = YES;
				INFOPLIST_KEY_NSHumanReadableCopyright = "";
				INSTALL_PATH = "$(LOCAL_LIBRARY_DIR)/Frameworks";
				LD_RUNPATH_SEARCH_PATHS = (
					"$(inherited)",
					"@executable_path/Frameworks",
					"@loader_path/Frameworks",
				);
				MARKETING_VERSION = 1.0;
				PRODUCT_BUNDLE_IDENTIFIER = shotikoKlibadze.Core;
				PRODUCT_NAME = "$(TARGET_NAME:c99extidentifier)";
				SKIP_INSTALL = YES;
				SWIFT_EMIT_LOC_STRINGS = YES;
				SWIFT_VERSION = 5.0;
				TARGETED_DEVICE_FAMILY = "1,2";
			};
			name = Debug;
		};
		09AE370227E8665700A8BF12 /* Release */ = {
			isa = XCBuildConfiguration;
			baseConfigurationReference = 9CA0310BFF7AABAF8EB8E4E1 /* Pods-Core.release.xcconfig */;
			buildSettings = {
				CODE_SIGN_STYLE = Automatic;
				CURRENT_PROJECT_VERSION = 1;
				DEFINES_MODULE = YES;
				DEVELOPMENT_TEAM = XZ3GM4S56F;
				DYLIB_COMPATIBILITY_VERSION = 1;
				DYLIB_CURRENT_VERSION = 1;
				DYLIB_INSTALL_NAME_BASE = "@rpath";
				GENERATE_INFOPLIST_FILE = YES;
				INFOPLIST_KEY_NSHumanReadableCopyright = "";
				INSTALL_PATH = "$(LOCAL_LIBRARY_DIR)/Frameworks";
				LD_RUNPATH_SEARCH_PATHS = (
					"$(inherited)",
					"@executable_path/Frameworks",
					"@loader_path/Frameworks",
				);
				MARKETING_VERSION = 1.0;
				PRODUCT_BUNDLE_IDENTIFIER = shotikoKlibadze.Core;
				PRODUCT_NAME = "$(TARGET_NAME:c99extidentifier)";
				SKIP_INSTALL = YES;
				SWIFT_EMIT_LOC_STRINGS = YES;
				SWIFT_VERSION = 5.0;
				TARGETED_DEVICE_FAMILY = "1,2";
			};
			name = Release;
		};
/* End XCBuildConfiguration section */

/* Begin XCConfigurationList section */
		09AE36F127E8665700A8BF12 /* Build configuration list for PBXProject "Core" */ = {
			isa = XCConfigurationList;
			buildConfigurations = (
				09AE36FE27E8665700A8BF12 /* Debug */,
				09AE36FF27E8665700A8BF12 /* Release */,
			);
			defaultConfigurationIsVisible = 0;
			defaultConfigurationName = Release;
		};
		09AE370027E8665700A8BF12 /* Build configuration list for PBXNativeTarget "Core" */ = {
			isa = XCConfigurationList;
			buildConfigurations = (
				09AE370127E8665700A8BF12 /* Debug */,
				09AE370227E8665700A8BF12 /* Release */,
			);
			defaultConfigurationIsVisible = 0;
			defaultConfigurationName = Release;
		};
/* End XCConfigurationList section */

/* Begin XCVersionGroup section */
		09B65762282138F000D54A6C /* MoviesDB.xcdatamodeld */ = {
			isa = XCVersionGroup;
			children = (
				09B65763282138F000D54A6C /* MoviesDB.xcdatamodel */,
			);
			currentVersion = 09B65763282138F000D54A6C /* MoviesDB.xcdatamodel */;
			path = MoviesDB.xcdatamodeld;
			sourceTree = "<group>";
			versionGroupType = wrapper.xcdatamodel;
		};
/* End XCVersionGroup section */
	};
	rootObject = 09AE36EE27E8665700A8BF12 /* Project object */;
}
